{
  "lockfileVersion": 1,
  "configVersion": 1,
  "workspaces": {
    "": {
      "name": "rehype-han",
      "dependencies": {
        "unist-util-visit-parents": "^6.0.0",
      },
      "devDependencies": {
        "@eslint/js": "^10.0.1",
        "eslint": "^10.0.0",
        "prettier": "^3.8.1",
        "rehype-parse": "^9.0.0",
        "rehype-stringify": "^9.0.0",
        "unified": "^11.0.0",
      },
    },
  },
  "packages": {
    "@eslint-community/eslint-utils": ["@eslint-community/eslint-utils@4.9.1", "", { "dependencies": { "eslint-visitor-keys": "^3.4.3" }, "peerDependencies": { "eslint": "^6.0.0 || ^7.0.0 || >=8.0.0" } }, "sha512-phrYmNiYppR7znFEdqgfWHXR6NCkZEK7hwWDHZUjit/2/U0r6XvkDl0SYnoM51Hq7FhCGdLDT6zxCCOY1hexsQ=="],

    "@eslint-community/regexpp": ["@eslint-community/regexpp@4.12.2", "", {}, "sha512-EriSTlt5OC9/7SXkRSCAhfSxxoSUgBm33OH+IkwbdpgoqsSsUg7y3uh+IICI/Qg4BBWr3U2i39RpmycbxMq4ew=="],

    "@eslint/config-array": ["@eslint/config-array@0.23.1", "", { "dependencies": { "@eslint/object-schema": "^3.0.1", "debug": "^4.3.1", "minimatch": "^10.1.1" } }, "sha512-uVSdg/V4dfQmTjJzR0szNczjOH/J+FyUMMjYtr07xFRXR7EDf9i1qdxrD0VusZH9knj1/ecxzCQQxyic5NzAiA=="],

    "@eslint/config-helpers": ["@eslint/config-helpers@0.5.2", "", { "dependencies": { "@eslint/core": "^1.1.0" } }, "sha512-a5MxrdDXEvqnIq+LisyCX6tQMPF/dSJpCfBgBauY+pNZ28yCtSsTvyTYrMhaI+LK26bVyCJfJkT0u8KIj2i1dQ=="],

    "@eslint/core": ["@eslint/core@1.1.0", "", { "dependencies": { "@types/json-schema": "^7.0.15" } }, "sha512-/nr9K9wkr3P1EzFTdFdMoLuo1PmIxjmwvPozwoSodjNBdefGujXQUF93u1DDZpEaTuDvMsIQddsd35BwtrW9Xw=="],

    "@eslint/js": ["@eslint/js@10.0.1", "", { "peerDependencies": { "eslint": "^10.0.0" }, "optionalPeers": ["eslint"] }, "sha512-zeR9k5pd4gxjZ0abRoIaxdc7I3nDktoXZk2qOv9gCNWx3mVwEn32VRhyLaRsDiJjTs0xq/T8mfPtyuXu7GWBcA=="],

    "@eslint/object-schema": ["@eslint/object-schema@3.0.1", "", {}, "sha512-P9cq2dpr+LU8j3qbLygLcSZrl2/ds/pUpfnHNNuk5HW7mnngHs+6WSq5C9mO3rqRX8A1poxqLTC9cu0KOyJlBg=="],

    "@eslint/plugin-kit": ["@eslint/plugin-kit@0.6.0", "", { "dependencies": { "@eslint/core": "^1.1.0", "levn": "^0.4.1" } }, "sha512-bIZEUzOI1jkhviX2cp5vNyXQc6olzb2ohewQubuYlMXZ2Q/XjBO0x0XhGPvc9fjSIiUN0vw+0hq53BJ4eQSJKQ=="],

    "@humanfs/core": ["@humanfs/core@0.19.1", "", {}, "sha512-5DyQ4+1JEUzejeK1JGICcideyfUbGixgS9jNgex5nqkW+cY7WZhxBigmieN5Qnw9ZosSNVC9KQKyb+GUaGyKUA=="],

    "@humanfs/node": ["@humanfs/node@0.16.7", "", { "dependencies": { "@humanfs/core": "^0.19.1", "@humanwhocodes/retry": "^0.4.0" } }, "sha512-/zUx+yOsIrG4Y43Eh2peDeKCxlRt/gET6aHfaKpuq267qXdYDFViVHfMaLyygZOnl0kGWxFIgsBy8QFuTLUXEQ=="],

    "@humanwhocodes/module-importer": ["@humanwhocodes/module-importer@1.0.1", "", {}, "sha512-bxveV4V8v5Yb4ncFTT3rPSgZBOpCkjfK0y4oVVVJwIuDVBRMDXrPyXRL988i5ap9m9bnyEEjWfm5WkBmtffLfA=="],

    "@humanwhocodes/retry": ["@humanwhocodes/retry@0.4.3", "", {}, "sha512-bV0Tgo9K4hfPCek+aMAn81RppFKv2ySDQeMoSZuvTASywNTnVJCArCZE2FWqpvIatKu7VMRLWlR1EazvVhDyhQ=="],

    "@isaacs/cliui": ["@isaacs/cliui@9.0.0", "", {}, "sha512-AokJm4tuBHillT+FpMtxQ60n8ObyXBatq7jD2/JA9dxbDDokKQm8KMht5ibGzLVU9IJDIKK4TPKgMHEYMn3lMg=="],

    "@types/esrecurse": ["@types/esrecurse@4.3.1", "", {}, "sha512-xJBAbDifo5hpffDBuHl0Y8ywswbiAp/Wi7Y/GtAgSlZyIABppyurxVueOPE8LUQOxdlgi6Zqce7uoEpqNTeiUw=="],

    "@types/estree": ["@types/estree@1.0.8", "", {}, "sha512-dWHzHa2WqEXI/O1E9OjrocMTKJl2mSrEolh1Iomrv6U+JuNwaHXsXx9bLu5gG7BUWFIN0skIQJQ/L1rIex4X6w=="],

    "@types/hast": ["@types/hast@3.0.4", "", { "dependencies": { "@types/unist": "*" } }, "sha512-WPs+bbQw5aCj+x6laNGWLH3wviHtoCv/P3+otBhbOhJgG8qtpdAMlTCxLtsTWA7LH1Oh/bFCHsBn0TPS5m30EQ=="],

    "@types/json-schema": ["@types/json-schema@7.0.15", "", {}, "sha512-5+fP8P8MFNC+AyZCDxrB2pkZFPGzqQWUzpSeuuVLvm8VMcorNYavBqoFcxK8bQz4Qsbn4oUEEem4wDLfcysGHA=="],

    "@types/parse5": ["@types/parse5@6.0.3", "", {}, "sha512-SuT16Q1K51EAVPz1K29DJ/sXjhSQ0zjvsypYJ6tlwVsRV9jwW5Adq2ch8Dq8kDBCkYnELS7N7VNCSB5nC56t/g=="],

    "@types/unist": ["@types/unist@3.0.3", "", {}, "sha512-ko/gIFJRv177XgZsZcBwnqJN5x/Gien8qNOn0D5bQU/zAzVf9Zt3BlcUiLqhV9y4ARk0GbT3tnUiPNgnTXzc/Q=="],

    "acorn": ["acorn@8.15.0", "", { "bin": { "acorn": "bin/acorn" } }, "sha512-NZyJarBfL7nWwIq+FDL6Zp/yHEhePMNnnJ0y3qfieCrmNvYct8uvtiV41UvlSe6apAfk0fY1FbWx+NwfmpvtTg=="],

    "acorn-jsx": ["acorn-jsx@5.3.2", "", { "peerDependencies": { "acorn": "^6.0.0 || ^7.0.0 || ^8.0.0" } }, "sha512-rq9s+JNhf0IChjtDXxllJ7g41oZk5SlXtp0LHwyA5cejwn7vKmKp4pPri6YEePv2PU65sAsegbXtIinmDFDXgQ=="],

    "ajv": ["ajv@6.12.6", "", { "dependencies": { "fast-deep-equal": "^3.1.1", "fast-json-stable-stringify": "^2.0.0", "json-schema-traverse": "^0.4.1", "uri-js": "^4.2.2" } }, "sha512-j3fVLgvTo527anyYyJOGTYJbG+vnnQYvE0m5mmkc1TK+nxAppkCLMIL0aZ4dblVCNoGShhm+kzE4ZUykBoMg4g=="],

    "bail": ["bail@2.0.2", "", {}, "sha512-0xO6mYd7JB2YesxDKplafRpsiOzPt9V02ddPCLbY1xYGPOX24NTyN50qnUxgCPcSoYMhKpAuBTjQoRZCAkUDRw=="],

    "balanced-match": ["balanced-match@4.0.2", "", { "dependencies": { "jackspeak": "^4.2.3" } }, "sha512-x0K50QvKQ97fdEz2kPehIerj+YTeptKF9hyYkKf6egnwmMWAkADiO0QCzSp0R5xN8FTZgYaBfSaue46Ej62nMg=="],

    "brace-expansion": ["brace-expansion@5.0.2", "", { "dependencies": { "balanced-match": "^4.0.2" } }, "sha512-Pdk8c9poy+YhOgVWw1JNN22/HcivgKWwpxKq04M/jTmHyCZn12WPJebZxdjSa5TmBqISrUSgNYU3eRORljfCCw=="],

    "ccount": ["ccount@2.0.1", "", {}, "sha512-eyrF0jiFpY+3drT6383f1qhkbGsLSifNAjA61IUjZjmLCWjItY6LB9ft9YhoDgwfmclB2zhu51Lc7+95b8NRAg=="],

    "character-entities-html4": ["character-entities-html4@2.1.0", "", {}, "sha512-1v7fgQRj6hnSwFpq1Eu0ynr/CDEw0rXo2B61qXrLNdHZmPKgb7fqS1a2JwF0rISo9q77jDI8VMEHoApn8qDoZA=="],

    "character-entities-legacy": ["character-entities-legacy@3.0.0", "", {}, "sha512-RpPp0asT/6ufRm//AJVwpViZbGM/MkjQFxJccQRHmISF/22NBtsHqAWmL+/pmkPWoIUJdWyeVleTl1wydHATVQ=="],

    "comma-separated-tokens": ["comma-separated-tokens@2.0.3", "", {}, "sha512-Fu4hJdvzeylCfQPp9SGWidpzrMs7tTrlu6Vb8XGaRGck8QSNZJJp538Wrb60Lax4fPwR64ViY468OIUTbRlGZg=="],

    "cross-spawn": ["cross-spawn@7.0.6", "", { "dependencies": { "path-key": "^3.1.0", "shebang-command": "^2.0.0", "which": "^2.0.1" } }, "sha512-uV2QOWP2nWzsy2aMp8aRibhi9dlzF5Hgh5SHaB9OiTGEyDTiJJyx0uy51QXdyWbtAHNua4XJzUKca3OzKUd3vA=="],

    "debug": ["debug@4.4.3", "", { "dependencies": { "ms": "^2.1.3" } }, "sha512-RGwwWnwQvkVfavKVt22FGLw+xYSdzARwm0ru6DhTVA3umU5hZc28V3kO4stgYryrTlLpuvgI9GiijltAjNbcqA=="],

    "deep-is": ["deep-is@0.1.4", "", {}, "sha512-oIPzksmTg4/MriiaYGO+okXDT7ztn/w3Eptv/+gSIdMdKsJo0u4CfYNFJPy+4SKMuCqGw2wxnA+URMg3t8a/bQ=="],

    "dequal": ["dequal@2.0.3", "", {}, "sha512-0je+qPKHEMohvfRTCEo3CrPG6cAzAYgmzKyxRiYSSDkS6eGJdyVJm7WaYA5ECaAD9wLB2T4EEeymA5aFVcYXCA=="],

    "devlop": ["devlop@1.1.0", "", { "dependencies": { "dequal": "^2.0.0" } }, "sha512-RWmIqhcFf1lRYBvNmr7qTNuyCt/7/ns2jbpp1+PalgE/rDQcBT0fioSMUpJ93irlUhC5hrg4cYqe6U+0ImW0rA=="],

    "entities": ["entities@6.0.1", "", {}, "sha512-aN97NXWF6AWBTahfVOIrB/NShkzi5H7F9r1s9mD3cDj4Ko5f2qhhVoYMibXF7GlLveb/D2ioWay8lxI97Ven3g=="],

    "escape-string-regexp": ["escape-string-regexp@4.0.0", "", {}, "sha512-TtpcNJ3XAzx3Gq8sWRzJaVajRs0uVxA2YAkdb1jm2YkPz4G6egUFAyA3n5vtEIZefPk5Wa4UXbKuS5fKkJWdgA=="],

    "eslint": ["eslint@10.0.0", "", { "dependencies": { "@eslint-community/eslint-utils": "^4.8.0", "@eslint-community/regexpp": "^4.12.2", "@eslint/config-array": "^0.23.0", "@eslint/config-helpers": "^0.5.2", "@eslint/core": "^1.1.0", "@eslint/plugin-kit": "^0.6.0", "@humanfs/node": "^0.16.6", "@humanwhocodes/module-importer": "^1.0.1", "@humanwhocodes/retry": "^0.4.2", "@types/estree": "^1.0.6", "ajv": "^6.12.4", "cross-spawn": "^7.0.6", "debug": "^4.3.2", "escape-string-regexp": "^4.0.0", "eslint-scope": "^9.1.0", "eslint-visitor-keys": "^5.0.0", "espree": "^11.1.0", "esquery": "^1.7.0", "esutils": "^2.0.2", "fast-deep-equal": "^3.1.3", "file-entry-cache": "^8.0.0", "find-up": "^5.0.0", "glob-parent": "^6.0.2", "ignore": "^5.2.0", "imurmurhash": "^0.1.4", "is-glob": "^4.0.0", "json-stable-stringify-without-jsonify": "^1.0.1", "minimatch": "^10.1.1", "natural-compare": "^1.4.0", "optionator": "^0.9.3" }, "peerDependencies": { "jiti": "*" }, "optionalPeers": ["jiti"], "bin": { "eslint": "bin/eslint.js" } }, "sha512-O0piBKY36YSJhlFSG8p9VUdPV/SxxS4FYDWVpr/9GJuMaepzwlf4J8I4ov1b+ySQfDTPhc3DtLaxcT1fN0yqCg=="],

    "eslint-scope": ["eslint-scope@9.1.0", "", { "dependencies": { "@types/esrecurse": "^4.3.1", "@types/estree": "^1.0.8", "esrecurse": "^4.3.0", "estraverse": "^5.2.0" } }, "sha512-CkWE42hOJsNj9FJRaoMX9waUFYhqY4jmyLFdAdzZr6VaCg3ynLYx4WnOdkaIifGfH4gsUcBTn4OZbHXkpLD0FQ=="],

    "eslint-visitor-keys": ["eslint-visitor-keys@5.0.0", "", {}, "sha512-A0XeIi7CXU7nPlfHS9loMYEKxUaONu/hTEzHTGba9Huu94Cq1hPivf+DE5erJozZOky0LfvXAyrV/tcswpLI0Q=="],

    "espree": ["espree@11.1.0", "", { "dependencies": { "acorn": "^8.15.0", "acorn-jsx": "^5.3.2", "eslint-visitor-keys": "^5.0.0" } }, "sha512-WFWYhO1fV4iYkqOOvq8FbqIhr2pYfoDY0kCotMkDeNtGpiGGkZ1iov2u8ydjtgM8yF8rzK7oaTbw2NAzbAbehw=="],

    "esquery": ["esquery@1.7.0", "", { "dependencies": { "estraverse": "^5.1.0" } }, "sha512-Ap6G0WQwcU/LHsvLwON1fAQX9Zp0A2Y6Y/cJBl9r/JbW90Zyg4/zbG6zzKa2OTALELarYHmKu0GhpM5EO+7T0g=="],

    "esrecurse": ["esrecurse@4.3.0", "", { "dependencies": { "estraverse": "^5.2.0" } }, "sha512-KmfKL3b6G+RXvP8N1vr3Tq1kL/oCFgn2NYXEtqP8/L3pKapUA4G8cFVaoF3SU323CD4XypR/ffioHmkti6/Tag=="],

    "estraverse": ["estraverse@5.3.0", "", {}, "sha512-MMdARuVEQziNTeJD8DgMqmhwR11BRQ/cBP+pLtYdSTnf3MIO8fFeiINEbX36ZdNlfU/7A9f3gUw49B3oQsvwBA=="],

    "esutils": ["esutils@2.0.3", "", {}, "sha512-kVscqXk4OCp68SZ0dkgEKVi6/8ij300KBWTJq32P/dYeWTSwK41WyTxalN1eRmA5Z9UU/LX9D7FWSmV9SAYx6g=="],

    "extend": ["extend@3.0.2", "", {}, "sha512-fjquC59cD7CyW6urNXK0FBufkZcoiGG80wTuPujX590cB5Ttln20E2UB4S/WARVqhXffZl2LNgS+gQdPIIim/g=="],

    "fast-deep-equal": ["fast-deep-equal@3.1.3", "", {}, "sha512-f3qQ9oQy9j2AhBe/H9VC91wLmKBCCU/gDOnKNAYG5hswO7BLKj09Hc5HYNz9cGI++xlpDCIgDaitVs03ATR84Q=="],

    "fast-json-stable-stringify": ["fast-json-stable-stringify@2.1.0", "", {}, "sha512-lhd/wF+Lk98HZoTCtlVraHtfh5XYijIjalXck7saUtuanSDyLMxnHhSXEDJqHxD7msR8D0uCmqlkwjCV8xvwHw=="],

    "fast-levenshtein": ["fast-levenshtein@2.0.6", "", {}, "sha512-DCXu6Ifhqcks7TZKY3Hxp3y6qphY5SJZmrWMDrKcERSOXWQdMhU9Ig/PYrzyw/ul9jOIyh0N4M0tbC5hodg8dw=="],

    "file-entry-cache": ["file-entry-cache@8.0.0", "", { "dependencies": { "flat-cache": "^4.0.0" } }, "sha512-XXTUwCvisa5oacNGRP9SfNtYBNAMi+RPwBFmblZEF7N7swHYQS6/Zfk7SRwx4D5j3CH211YNRco1DEMNVfZCnQ=="],

    "find-up": ["find-up@5.0.0", "", { "dependencies": { "locate-path": "^6.0.0", "path-exists": "^4.0.0" } }, "sha512-78/PXT1wlLLDgTzDs7sjq9hzz0vXD+zn+7wypEe4fXQxCmdmqfGsEPQxmiCSQI3ajFV91bVSsvNtrJRiW6nGng=="],

    "flat-cache": ["flat-cache@4.0.1", "", { "dependencies": { "flatted": "^3.2.9", "keyv": "^4.5.4" } }, "sha512-f7ccFPK3SXFHpx15UIGyRJ/FJQctuKZ0zVuN3frBo4HnK3cay9VEW0R6yPYFHC0AgqhukPzKjq22t5DmAyqGyw=="],

    "flatted": ["flatted@3.3.3", "", {}, "sha512-GX+ysw4PBCz0PzosHDepZGANEuFCMLrnRTiEy9McGjmkCQYwRq4A/X786G/fjM/+OjsWSU1ZrY5qyARZmO/uwg=="],

    "glob-parent": ["glob-parent@6.0.2", "", { "dependencies": { "is-glob": "^4.0.3" } }, "sha512-XxwI8EOhVQgWp6iDL+3b0r86f4d6AX6zSU55HfB4ydCEuXLXc5FcYeOu+nnGftS4TEju/11rt4KJPTMgbfmv4A=="],

    "hast-util-from-html": ["hast-util-from-html@2.0.3", "", { "dependencies": { "@types/hast": "^3.0.0", "devlop": "^1.1.0", "hast-util-from-parse5": "^8.0.0", "parse5": "^7.0.0", "vfile": "^6.0.0", "vfile-message": "^4.0.0" } }, "sha512-CUSRHXyKjzHov8yKsQjGOElXy/3EKpyX56ELnkHH34vDVw1N1XSQ1ZcAvTyAPtGqLTuKP/uxM+aLkSPqF/EtMw=="],

    "hast-util-from-parse5": ["hast-util-from-parse5@8.0.3", "", { "dependencies": { "@types/hast": "^3.0.0", "@types/unist": "^3.0.0", "devlop": "^1.0.0", "hastscript": "^9.0.0", "property-information": "^7.0.0", "vfile": "^6.0.0", "vfile-location": "^5.0.0", "web-namespaces": "^2.0.0" } }, "sha512-3kxEVkEKt0zvcZ3hCRYI8rqrgwtlIOFMWkbclACvjlDw8Li9S2hk/d51OI0nr/gIpdMHNepwgOKqZ/sy0Clpyg=="],

    "hast-util-parse-selector": ["hast-util-parse-selector@4.0.0", "", { "dependencies": { "@types/hast": "^3.0.0" } }, "sha512-wkQCkSYoOGCRKERFWcxMVMOcYE2K1AaNLU8DXS9arxnLOUEWbOXKXiJUNzEpqZ3JOKpnha3jkFrumEjVliDe7A=="],

    "hast-util-raw": ["hast-util-raw@7.2.3", "", { "dependencies": { "@types/hast": "^2.0.0", "@types/parse5": "^6.0.0", "hast-util-from-parse5": "^7.0.0", "hast-util-to-parse5": "^7.0.0", "html-void-elements": "^2.0.0", "parse5": "^6.0.0", "unist-util-position": "^4.0.0", "unist-util-visit": "^4.0.0", "vfile": "^5.0.0", "web-namespaces": "^2.0.0", "zwitch": "^2.0.0" } }, "sha512-RujVQfVsOrxzPOPSzZFiwofMArbQke6DJjnFfceiEbFh7S05CbPt0cYN+A5YeD3pso0JQk6O1aHBnx9+Pm2uqg=="],

    "hast-util-to-html": ["hast-util-to-html@8.0.4", "", { "dependencies": { "@types/hast": "^2.0.0", "@types/unist": "^2.0.0", "ccount": "^2.0.0", "comma-separated-tokens": "^2.0.0", "hast-util-raw": "^7.0.0", "hast-util-whitespace": "^2.0.0", "html-void-elements": "^2.0.0", "property-information": "^6.0.0", "space-separated-tokens": "^2.0.0", "stringify-entities": "^4.0.0", "zwitch": "^2.0.4" } }, "sha512-4tpQTUOr9BMjtYyNlt0P50mH7xj0Ks2xpo8M943Vykljf99HW6EzulIoJP1N3eKOSScEHzyzi9dm7/cn0RfGwA=="],

    "hast-util-to-parse5": ["hast-util-to-parse5@7.1.0", "", { "dependencies": { "@types/hast": "^2.0.0", "comma-separated-tokens": "^2.0.0", "property-information": "^6.0.0", "space-separated-tokens": "^2.0.0", "web-namespaces": "^2.0.0", "zwitch": "^2.0.0" } }, "sha512-YNRgAJkH2Jky5ySkIqFXTQiaqcAtJyVE+D5lkN6CdtOqrnkLfGYYrEcKuHOJZlp+MwjSwuD3fZuawI+sic/RBw=="],

    "hast-util-whitespace": ["hast-util-whitespace@2.0.1", "", {}, "sha512-nAxA0v8+vXSBDt3AnRUNjyRIQ0rD+ntpbAp4LnPkumc5M9yUbSMa4XDU9Q6etY4f1Wp4bNgvc1yjiZtsTTrSng=="],

    "hastscript": ["hastscript@9.0.1", "", { "dependencies": { "@types/hast": "^3.0.0", "comma-separated-tokens": "^2.0.0", "hast-util-parse-selector": "^4.0.0", "property-information": "^7.0.0", "space-separated-tokens": "^2.0.0" } }, "sha512-g7df9rMFX/SPi34tyGCyUBREQoKkapwdY/T04Qn9TDWfHhAYt4/I0gMVirzK5wEzeUqIjEB+LXC/ypb7Aqno5w=="],

    "html-void-elements": ["html-void-elements@2.0.1", "", {}, "sha512-0quDb7s97CfemeJAnW9wC0hw78MtW7NU3hqtCD75g2vFlDLt36llsYD7uB7SUzojLMP24N5IatXf7ylGXiGG9A=="],

    "ignore": ["ignore@5.3.2", "", {}, "sha512-hsBTNUqQTDwkWtcdYI2i06Y/nUBEsNEDJKjWdigLvegy8kDuJAS8uRlpkkcQpyEXL0Z/pjDy5HBmMjRCJ2gq+g=="],

    "imurmurhash": ["imurmurhash@0.1.4", "", {}, "sha512-JmXMZ6wuvDmLiHEml9ykzqO6lwFbof0GG4IkcGaENdCRDDmMVnny7s5HsIgHCbaq0w2MyPhDqkhTUgS2LU2PHA=="],

    "is-buffer": ["is-buffer@2.0.5", "", {}, "sha512-i2R6zNFDwgEHJyQUtJEk0XFi1i0dPFn/oqjK3/vPCcDeJvW5NQ83V8QbicfF1SupOaB0h8ntgBC2YiE7dfyctQ=="],

    "is-extglob": ["is-extglob@2.1.1", "", {}, "sha512-SbKbANkN603Vi4jEZv49LeVJMn4yGwsbzZworEoyEiutsN3nJYdbO36zfhGJ6QEDpOZIFkDtnq5JRxmvl3jsoQ=="],

    "is-glob": ["is-glob@4.0.3", "", { "dependencies": { "is-extglob": "^2.1.1" } }, "sha512-xelSayHH36ZgE7ZWhli7pW34hNbNl8Ojv5KVmkJD4hBdD3th8Tfk9vYasLM+mXWOZhFkgZfxhLSnrwRr4elSSg=="],

    "is-plain-obj": ["is-plain-obj@4.1.0", "", {}, "sha512-+Pgi+vMuUNkJyExiMBt5IlFoMyKnr5zhJ4Uspz58WOhBF5QoIZkFyNHIbBAtHwzVAgk5RtndVNsDRN61/mmDqg=="],

    "isexe": ["isexe@2.0.0", "", {}, "sha512-RHxMLp9lnKHGHRng9QFhRCMbYAcVpn69smSGcq3f36xjgVVWThj4qqLbTLlq7Ssj8B+fIQ1EuCEGI2lKsyQeIw=="],

    "jackspeak": ["jackspeak@4.2.3", "", { "dependencies": { "@isaacs/cliui": "^9.0.0" } }, "sha512-ykkVRwrYvFm1nb2AJfKKYPr0emF6IiXDYUaFx4Zn9ZuIH7MrzEZ3sD5RlqGXNRpHtvUHJyOnCEFxOlNDtGo7wg=="],

    "json-buffer": ["json-buffer@3.0.1", "", {}, "sha512-4bV5BfR2mqfQTJm+V5tPPdf+ZpuhiIvTuAB5g8kcrXOZpTT/QwwVRWBywX1ozr6lEuPdbHxwaJlm9G6mI2sfSQ=="],

    "json-schema-traverse": ["json-schema-traverse@0.4.1", "", {}, "sha512-xbbCH5dCYU5T8LcEhhuh7HJ88HXuW3qsI3Y0zOZFKfZEHcpWiHU/Jxzk629Brsab/mMiHQti9wMP+845RPe3Vg=="],

    "json-stable-stringify-without-jsonify": ["json-stable-stringify-without-jsonify@1.0.1", "", {}, "sha512-Bdboy+l7tA3OGW6FjyFHWkP5LuByj1Tk33Ljyq0axyzdk9//JSi2u3fP1QSmd1KNwq6VOKYGlAu87CisVir6Pw=="],

    "keyv": ["keyv@4.5.4", "", { "dependencies": { "json-buffer": "3.0.1" } }, "sha512-oxVHkHR/EJf2CNXnWxRLW6mg7JyCCUcG0DtEGmL2ctUo1PNTin1PUil+r/+4r5MpVgC/fn1kjsx7mjSujKqIpw=="],

    "levn": ["levn@0.4.1", "", { "dependencies": { "prelude-ls": "^1.2.1", "type-check": "~0.4.0" } }, "sha512-+bT2uH4E5LGE7h/n3evcS/sQlJXCpIp6ym8OWJ5eV6+67Dsql/LaaT7qJBAt2rzfoa/5QBGBhxDix1dMt2kQKQ=="],

    "locate-path": ["locate-path@6.0.0", "", { "dependencies": { "p-locate": "^5.0.0" } }, "sha512-iPZK6eYjbxRu3uB4/WZ3EsEIMJFMqAoopl3R+zuq0UjcAm/MO6KCweDgPfP3elTztoKP3KtnVHxTn2NHBSDVUw=="],

    "minimatch": ["minimatch@10.2.0", "", { "dependencies": { "brace-expansion": "^5.0.2" } }, "sha512-ugkC31VaVg9cF0DFVoADH12k6061zNZkZON+aX8AWsR9GhPcErkcMBceb6znR8wLERM2AkkOxy2nWRLpT9Jq5w=="],

    "ms": ["ms@2.1.3", "", {}, "sha512-6FlzubTLZG3J2a/NVCAleEhjzq5oxgHyaCU9yYXvcLsvoVaHJq/s5xXI6/XXP6tz7R9xAOtHnSO/tXtF3WRTlA=="],

    "natural-compare": ["natural-compare@1.4.0", "", {}, "sha512-OWND8ei3VtNC9h7V60qff3SVobHr996CTwgxubgyQYEpg290h9J0buyECNNJexkFm5sOajh5G116RYA1c8ZMSw=="],

    "optionator": ["optionator@0.9.4", "", { "dependencies": { "deep-is": "^0.1.3", "fast-levenshtein": "^2.0.6", "levn": "^0.4.1", "prelude-ls": "^1.2.1", "type-check": "^0.4.0", "word-wrap": "^1.2.5" } }, "sha512-6IpQ7mKUxRcZNLIObR0hz7lxsapSSIYNZJwXPGeF0mTVqGKFIXj1DQcMoT22S3ROcLyY/rz0PWaWZ9ayWmad9g=="],

    "p-limit": ["p-limit@3.1.0", "", { "dependencies": { "yocto-queue": "^0.1.0" } }, "sha512-TYOanM3wGwNGsZN2cVTYPArw454xnXj5qmWF1bEoAc4+cU/ol7GVh7odevjp1FNHduHc3KZMcFduxU5Xc6uJRQ=="],

    "p-locate": ["p-locate@5.0.0", "", { "dependencies": { "p-limit": "^3.0.2" } }, "sha512-LaNjtRWUBY++zB5nE/NwcaoMylSPk+S+ZHNB1TzdbMJMny6dynpAGt7X/tl/QYq3TIeE6nxHppbo2LGymrG5Pw=="],

    "parse5": ["parse5@7.3.0", "", { "dependencies": { "entities": "^6.0.0" } }, "sha512-IInvU7fabl34qmi9gY8XOVxhYyMyuH2xUNpb2q8/Y+7552KlejkRvqvD19nMoUW/uQGGbqNpA6Tufu5FL5BZgw=="],

    "path-exists": ["path-exists@4.0.0", "", {}, "sha512-ak9Qy5Q7jYb2Wwcey5Fpvg2KoAc/ZIhLSLOSBmRmygPsGwkVVt0fZa0qrtMz+m6tJTAHfZQ8FnmB4MG4LWy7/w=="],

    "path-key": ["path-key@3.1.1", "", {}, "sha512-ojmeN0qd+y0jszEtoY48r0Peq5dwMEkIlCOu6Q5f41lfkswXuKtYrhgoTpLnyIcHm24Uhqx+5Tqm2InSwLhE6Q=="],

    "prelude-ls": ["prelude-ls@1.2.1", "", {}, "sha512-vkcDPrRZo1QZLbn5RLGPpg/WmIQ65qoWWhcGKf/b5eplkkarX0m9z8ppCat4mlOqUsWpyNuYgO3VRyrYHSzX5g=="],

    "prettier": ["prettier@3.8.1", "", { "bin": { "prettier": "bin/prettier.cjs" } }, "sha512-UOnG6LftzbdaHZcKoPFtOcCKztrQ57WkHDeRD9t/PTQtmT0NHSeWWepj6pS0z/N7+08BHFDQVUrfmfMRcZwbMg=="],

    "property-information": ["property-information@6.5.0", "", {}, "sha512-PgTgs/BlvHxOu8QuEN7wi5A0OmXaBcHpmCSTehcs6Uuu9IkDIEo13Hy7n898RHfrQ49vKCoGeWZSaAK01nwVig=="],

    "punycode": ["punycode@2.3.1", "", {}, "sha512-vYt7UD1U9Wg6138shLtLOvdAu+8DsC/ilFtEVHcH+wydcSpNE20AfSOduf6MkRFahL5FY7X1oU7nKVZFtfq8Fg=="],

    "rehype-parse": ["rehype-parse@9.0.1", "", { "dependencies": { "@types/hast": "^3.0.0", "hast-util-from-html": "^2.0.0", "unified": "^11.0.0" } }, "sha512-ksCzCD0Fgfh7trPDxr2rSylbwq9iYDkSn8TCDmEJ49ljEUBxDVCzCHv7QNzZOfODanX4+bWQ4WZqLCRWYLfhag=="],

    "rehype-stringify": ["rehype-stringify@9.0.4", "", { "dependencies": { "@types/hast": "^2.0.0", "hast-util-to-html": "^8.0.0", "unified": "^10.0.0" } }, "sha512-Uk5xu1YKdqobe5XpSskwPvo1XeHUUucWEQSl8hTrXt5selvca1e8K1EZ37E6YoZ4BT8BCqCdVfQW7OfHfthtVQ=="],

    "shebang-command": ["shebang-command@2.0.0", "", { "dependencies": { "shebang-regex": "^3.0.0" } }, "sha512-kHxr2zZpYtdmrN1qDjrrX/Z1rR1kG8Dx+gkpK1G4eXmvXswmcE1hTWBWYUzlraYw1/yZp6YuDY77YtvbN0dmDA=="],

    "shebang-regex": ["shebang-regex@3.0.0", "", {}, "sha512-7++dFhtcx3353uBaq8DDR4NuxBetBzC7ZQOhmTQInHEd6bSrXdiEyzCvG07Z44UYdLShWUyXt5M/yhz8ekcb1A=="],

    "space-separated-tokens": ["space-separated-tokens@2.0.2", "", {}, "sha512-PEGlAwrG8yXGXRjW32fGbg66JAlOAwbObuqVoJpv/mRgoWDQfgH1wDPvtzWyUSNAXBGSk8h755YDbbcEy3SH2Q=="],

    "stringify-entities": ["stringify-entities@4.0.4", "", { "dependencies": { "character-entities-html4": "^2.0.0", "character-entities-legacy": "^3.0.0" } }, "sha512-IwfBptatlO+QCJUo19AqvrPNqlVMpW9YEL2LIVY+Rpv2qsjCGxaDLNRgeGsQWJhfItebuJhsGSLjaBbNSQ+ieg=="],

    "trough": ["trough@2.2.0", "", {}, "sha512-tmMpK00BjZiUyVyvrBK7knerNgmgvcV/KLVyuma/SC+TQN167GrMRciANTz09+k3zW8L8t60jWO1GpfkZdjTaw=="],

    "type-check": ["type-check@0.4.0", "", { "dependencies": { "prelude-ls": "^1.2.1" } }, "sha512-XleUoc9uwGXqjWwXaUTZAmzMcFZ5858QA2vvx1Ur5xIcixXIP+8LnFDgRplU30us6teqdlskFfu+ae4K79Ooew=="],

    "unified": ["unified@11.0.5", "", { "dependencies": { "@types/unist": "^3.0.0", "bail": "^2.0.0", "devlop": "^1.0.0", "extend": "^3.0.0", "is-plain-obj": "^4.0.0", "trough": "^2.0.0", "vfile": "^6.0.0" } }, "sha512-xKvGhPWw3k84Qjh8bI3ZeJjqnyadK+GEFtazSfZv/rKeTkTjOJho6mFqh2SM96iIcZokxiOpg78GazTSg8+KHA=="],

    "unist-util-is": ["unist-util-is@6.0.1", "", { "dependencies": { "@types/unist": "^3.0.0" } }, "sha512-LsiILbtBETkDz8I9p1dQ0uyRUWuaQzd/cuEeS1hoRSyW5E5XGmTzlwY1OrNzzakGowI9Dr/I8HVaw4hTtnxy8g=="],

    "unist-util-position": ["unist-util-position@4.0.4", "", { "dependencies": { "@types/unist": "^2.0.0" } }, "sha512-kUBE91efOWfIVBo8xzh/uZQ7p9ffYRtUbMRZBNFYwf0RK8koUMx6dGUfwylLOKmaT2cs4wSW96QoYUSXAyEtpg=="],

    "unist-util-stringify-position": ["unist-util-stringify-position@4.0.0", "", { "dependencies": { "@types/unist": "^3.0.0" } }, "sha512-0ASV06AAoKCDkS2+xw5RXJywruurpbC4JZSm7nr7MOt1ojAzvyyaO+UxZf18j8FCF6kmzCZKcAgN/yu2gm2XgQ=="],

    "unist-util-visit": ["unist-util-visit@4.1.2", "", { "dependencies": { "@types/unist": "^2.0.0", "unist-util-is": "^5.0.0", "unist-util-visit-parents": "^5.1.1" } }, "sha512-MSd8OUGISqHdVvfY9TPhyK2VdUrPgxkUtWSuMHF6XAAFuL4LokseigBnZtPnJMu+FbynTkFNnFlyjxpVKujMRg=="],

    "unist-util-visit-parents": ["unist-util-visit-parents@6.0.2", "", { "dependencies": { "@types/unist": "^3.0.0", "unist-util-is": "^6.0.0" } }, "sha512-goh1s1TBrqSqukSc8wrjwWhL0hiJxgA8m4kFxGlQ+8FYQ3C/m11FcTs4YYem7V664AhHVvgoQLk890Ssdsr2IQ=="],

    "uri-js": ["uri-js@4.4.1", "", { "dependencies": { "punycode": "^2.1.0" } }, "sha512-7rKUyy33Q1yc98pQ1DAmLtwX109F7TIfWlW1Ydo8Wl1ii1SeHieeh0HHfPeL2fMXK6z0s8ecKs9frCuLJvndBg=="],

    "vfile": ["vfile@6.0.3", "", { "dependencies": { "@types/unist": "^3.0.0", "vfile-message": "^4.0.0" } }, "sha512-KzIbH/9tXat2u30jf+smMwFCsno4wHVdNmzFyL+T/L3UGqqk6JKfVqOFOZEpZSHADH1k40ab6NUIXZq422ov3Q=="],

    "vfile-location": ["vfile-location@5.0.3", "", { "dependencies": { "@types/unist": "^3.0.0", "vfile": "^6.0.0" } }, "sha512-5yXvWDEgqeiYiBe1lbxYF7UMAIm/IcopxMHrMQDq3nvKcjPKIhZklUKL+AE7J7uApI4kwe2snsK+eI6UTj9EHg=="],

    "vfile-message": ["vfile-message@4.0.3", "", { "dependencies": { "@types/unist": "^3.0.0", "unist-util-stringify-position": "^4.0.0" } }, "sha512-QTHzsGd1EhbZs4AsQ20JX1rC3cOlt/IWJruk893DfLRr57lcnOeMaWG4K0JrRta4mIJZKth2Au3mM3u03/JWKw=="],

    "web-namespaces": ["web-namespaces@2.0.1", "", {}, "sha512-bKr1DkiNa2krS7qxNtdrtHAmzuYGFQLiQ13TsorsdT6ULTkPLKuu5+GsFpDlg6JFjUTwX2DyhMPG2be8uPrqsQ=="],

    "which": ["which@2.0.2", "", { "dependencies": { "isexe": "^2.0.0" }, "bin": { "node-which": "./bin/node-which" } }, "sha512-BLI3Tl1TW3Pvl70l3yq3Y64i+awpwXqsGBYWkkqMtnbXgrMD+yj7rhW0kuEDxzJaYXGjEW5ogapKNMEKNMjibA=="],

    "word-wrap": ["word-wrap@1.2.5", "", {}, "sha512-BN22B5eaMMI9UMtjrGd5g5eCYPpCPDUy0FJXbYsaT5zYxjFOckS53SQDE3pWkVoWpHXVb3BrYcEN4Twa55B5cA=="],

    "yocto-queue": ["yocto-queue@0.1.0", "", {}, "sha512-rVksvsnNCdJ/ohGc6xgPwyN8eheCxsiLM8mxuE/t/mOVqJewPuO1miLpTHQiRgTKCLexL4MeAFVagts7HmNZ2Q=="],

    "zwitch": ["zwitch@2.0.4", "", {}, "sha512-bXE4cR/kVZhKZX/RjPEflHaKVhUVl85noU3v6b8apfQEc1x4A+zBxjZ4lN8LqGd6WZ3dl98pY4o717VFmoPp+A=="],

    "@eslint-community/eslint-utils/eslint-visitor-keys": ["eslint-visitor-keys@3.4.3", "", {}, "sha512-wpc+LXeiyiisxPlEkUzU6svyS1frIO3Mgxj1fdy7Pm8Ygzguax2N3Fa/D/ag1WqbOprdI+uY6wMUl8/a2G+iag=="],

    "hast-util-from-parse5/property-information": ["property-information@7.1.0", "", {}, "sha512-TwEZ+X+yCJmYfL7TPUOcvBZ4QfoT5YenQiJuX//0th53DE6w0xxLEtfK3iyryQFddXuvkIk51EEgrJQ0WJkOmQ=="],

    "hast-util-raw/@types/hast": ["@types/hast@2.3.10", "", { "dependencies": { "@types/unist": "^2" } }, "sha512-McWspRw8xx8J9HurkVBfYj0xKoE25tOFlHGdx4MJ5xORQrMGZNqJhVQWaIbm6Oyla5kYOXtDiopzKRJzEOkwJw=="],

    "hast-util-raw/hast-util-from-parse5": ["hast-util-from-parse5@7.1.2", "", { "dependencies": { "@types/hast": "^2.0.0", "@types/unist": "^2.0.0", "hastscript": "^7.0.0", "property-information": "^6.0.0", "vfile": "^5.0.0", "vfile-location": "^4.0.0", "web-namespaces": "^2.0.0" } }, "sha512-Nz7FfPBuljzsN3tCQ4kCBKqdNhQE2l0Tn+X1ubgKBPRoiDIu1mL08Cfw4k7q71+Duyaw7DXDN+VTAp4Vh3oCOw=="],

    "hast-util-raw/parse5": ["parse5@6.0.1", "", {}, "sha512-Ofn/CTFzRGTTxwpNEs9PP93gXShHcTq255nzRYSKe8AkVpZY7e1fpmTfOyoIvjP5HG7Z2ZM7VS9PPhQGW2pOpw=="],

    "hast-util-raw/vfile": ["vfile@5.3.7", "", { "dependencies": { "@types/unist": "^2.0.0", "is-buffer": "^2.0.0", "unist-util-stringify-position": "^3.0.0", "vfile-message": "^3.0.0" } }, "sha512-r7qlzkgErKjobAmyNIkkSpizsFPYiUPuJb5pNW1RB4JcYVZhs4lIbVqk8XPk033CV/1z8ss5pkax8SuhGpcG8g=="],

    "hast-util-to-html/@types/hast": ["@types/hast@2.3.10", "", { "dependencies": { "@types/unist": "^2" } }, "sha512-McWspRw8xx8J9HurkVBfYj0xKoE25tOFlHGdx4MJ5xORQrMGZNqJhVQWaIbm6Oyla5kYOXtDiopzKRJzEOkwJw=="],

    "hast-util-to-html/@types/unist": ["@types/unist@2.0.11", "", {}, "sha512-CmBKiL6NNo/OqgmMn95Fk9Whlp2mtvIv+KNpQKN2F4SjvrEesubTRWGYSg+BnWZOnlCaSTU1sMpsBOzgbYhnsA=="],

    "hast-util-to-parse5/@types/hast": ["@types/hast@2.3.10", "", { "dependencies": { "@types/unist": "^2" } }, "sha512-McWspRw8xx8J9HurkVBfYj0xKoE25tOFlHGdx4MJ5xORQrMGZNqJhVQWaIbm6Oyla5kYOXtDiopzKRJzEOkwJw=="],

    "hastscript/property-information": ["property-information@7.1.0", "", {}, "sha512-TwEZ+X+yCJmYfL7TPUOcvBZ4QfoT5YenQiJuX//0th53DE6w0xxLEtfK3iyryQFddXuvkIk51EEgrJQ0WJkOmQ=="],

    "rehype-stringify/@types/hast": ["@types/hast@2.3.10", "", { "dependencies": { "@types/unist": "^2" } }, "sha512-McWspRw8xx8J9HurkVBfYj0xKoE25tOFlHGdx4MJ5xORQrMGZNqJhVQWaIbm6Oyla5kYOXtDiopzKRJzEOkwJw=="],

    "rehype-stringify/unified": ["unified@10.1.2", "", { "dependencies": { "@types/unist": "^2.0.0", "bail": "^2.0.0", "extend": "^3.0.0", "is-buffer": "^2.0.0", "is-plain-obj": "^4.0.0", "trough": "^2.0.0", "vfile": "^5.0.0" } }, "sha512-pUSWAi/RAnVy1Pif2kAoeWNBa3JVrx0MId2LASj8G+7AiHWoKZNTomq6LG326T68U7/e263X6fTdcXIy7XnF7Q=="],

    "unist-util-position/@types/unist": ["@types/unist@2.0.11", "", {}, "sha512-CmBKiL6NNo/OqgmMn95Fk9Whlp2mtvIv+KNpQKN2F4SjvrEesubTRWGYSg+BnWZOnlCaSTU1sMpsBOzgbYhnsA=="],

    "unist-util-visit/@types/unist": ["@types/unist@2.0.11", "", {}, "sha512-CmBKiL6NNo/OqgmMn95Fk9Whlp2mtvIv+KNpQKN2F4SjvrEesubTRWGYSg+BnWZOnlCaSTU1sMpsBOzgbYhnsA=="],

    "unist-util-visit/unist-util-is": ["unist-util-is@5.2.1", "", { "dependencies": { "@types/unist": "^2.0.0" } }, "sha512-u9njyyfEh43npf1M+yGKDGVPbY/JWEemg5nH05ncKPfi+kBbKBJoTdsogMu33uhytuLlv9y0O7GH7fEdwLdLQw=="],

    "unist-util-visit/unist-util-visit-parents": ["unist-util-visit-parents@5.1.3", "", { "dependencies": { "@types/unist": "^2.0.0", "unist-util-is": "^5.0.0" } }, "sha512-x6+y8g7wWMyQhL1iZfhIPhDAs7Xwbn9nRosDXl7qoPTSCy0yNxnKc+hWokFifWQIDGi154rdUqKvbCa4+1kLhg=="],

    "hast-util-raw/@types/hast/@types/unist": ["@types/unist@2.0.11", "", {}, "sha512-CmBKiL6NNo/OqgmMn95Fk9Whlp2mtvIv+KNpQKN2F4SjvrEesubTRWGYSg+BnWZOnlCaSTU1sMpsBOzgbYhnsA=="],

    "hast-util-raw/hast-util-from-parse5/@types/unist": ["@types/unist@2.0.11", "", {}, "sha512-CmBKiL6NNo/OqgmMn95Fk9Whlp2mtvIv+KNpQKN2F4SjvrEesubTRWGYSg+BnWZOnlCaSTU1sMpsBOzgbYhnsA=="],

    "hast-util-raw/hast-util-from-parse5/hastscript": ["hastscript@7.2.0", "", { "dependencies": { "@types/hast": "^2.0.0", "comma-separated-tokens": "^2.0.0", "hast-util-parse-selector": "^3.0.0", "property-information": "^6.0.0", "space-separated-tokens": "^2.0.0" } }, "sha512-TtYPq24IldU8iKoJQqvZOuhi5CyCQRAbvDOX0x1eW6rsHSxa/1i2CCiptNTotGHJ3VoHRGmqiv6/D3q113ikkw=="],

    "hast-util-raw/hast-util-from-parse5/vfile-location": ["vfile-location@4.1.0", "", { "dependencies": { "@types/unist": "^2.0.0", "vfile": "^5.0.0" } }, "sha512-YF23YMyASIIJXpktBa4vIGLJ5Gs88UB/XePgqPmTa7cDA+JeO3yclbpheQYCHjVHBn/yePzrXuygIL+xbvRYHw=="],

    "hast-util-raw/vfile/@types/unist": ["@types/unist@2.0.11", "", {}, "sha512-CmBKiL6NNo/OqgmMn95Fk9Whlp2mtvIv+KNpQKN2F4SjvrEesubTRWGYSg+BnWZOnlCaSTU1sMpsBOzgbYhnsA=="],

    "hast-util-raw/vfile/unist-util-stringify-position": ["unist-util-stringify-position@3.0.3", "", { "dependencies": { "@types/unist": "^2.0.0" } }, "sha512-k5GzIBZ/QatR8N5X2y+drfpWG8IDBzdnVj6OInRNWm1oXrzydiaAT2OQiA8DPRRZyAKb9b6I2a6PxYklZD0gKg=="],

    "hast-util-raw/vfile/vfile-message": ["vfile-message@3.1.4", "", { "dependencies": { "@types/unist": "^2.0.0", "unist-util-stringify-position": "^3.0.0" } }, "sha512-fa0Z6P8HUrQN4BZaX05SIVXic+7kE3b05PWAtPuYP9QLHsLKYR7/AlLW3NtOrpXRLeawpDLMsVkmk5DG0NXgWw=="],

    "hast-util-to-parse5/@types/hast/@types/unist": ["@types/unist@2.0.11", "", {}, "sha512-CmBKiL6NNo/OqgmMn95Fk9Whlp2mtvIv+KNpQKN2F4SjvrEesubTRWGYSg+BnWZOnlCaSTU1sMpsBOzgbYhnsA=="],

    "rehype-stringify/@types/hast/@types/unist": ["@types/unist@2.0.11", "", {}, "sha512-CmBKiL6NNo/OqgmMn95Fk9Whlp2mtvIv+KNpQKN2F4SjvrEesubTRWGYSg+BnWZOnlCaSTU1sMpsBOzgbYhnsA=="],

    "rehype-stringify/unified/@types/unist": ["@types/unist@2.0.11", "", {}, "sha512-CmBKiL6NNo/OqgmMn95Fk9Whlp2mtvIv+KNpQKN2F4SjvrEesubTRWGYSg+BnWZOnlCaSTU1sMpsBOzgbYhnsA=="],

    "rehype-stringify/unified/vfile": ["vfile@5.3.7", "", { "dependencies": { "@types/unist": "^2.0.0", "is-buffer": "^2.0.0", "unist-util-stringify-position": "^3.0.0", "vfile-message": "^3.0.0" } }, "sha512-r7qlzkgErKjobAmyNIkkSpizsFPYiUPuJb5pNW1RB4JcYVZhs4lIbVqk8XPk033CV/1z8ss5pkax8SuhGpcG8g=="],

    "hast-util-raw/hast-util-from-parse5/hastscript/hast-util-parse-selector": ["hast-util-parse-selector@3.1.1", "", { "dependencies": { "@types/hast": "^2.0.0" } }, "sha512-jdlwBjEexy1oGz0aJ2f4GKMaVKkA9jwjr4MjAAI22E5fM/TXVZHuS5OpONtdeIkRKqAaryQ2E9xNQxijoThSZA=="],

    "rehype-stringify/unified/vfile/unist-util-stringify-position": ["unist-util-stringify-position@3.0.3", "", { "dependencies": { "@types/unist": "^2.0.0" } }, "sha512-k5GzIBZ/QatR8N5X2y+drfpWG8IDBzdnVj6OInRNWm1oXrzydiaAT2OQiA8DPRRZyAKb9b6I2a6PxYklZD0gKg=="],

    "rehype-stringify/unified/vfile/vfile-message": ["vfile-message@3.1.4", "", { "dependencies": { "@types/unist": "^2.0.0", "unist-util-stringify-position": "^3.0.0" } }, "sha512-fa0Z6P8HUrQN4BZaX05SIVXic+7kE3b05PWAtPuYP9QLHsLKYR7/AlLW3NtOrpXRLeawpDLMsVkmk5DG0NXgWw=="],
  }
}
